// !$*UTF8*$!
{
	archiveVersion = 1;
	classes = {
	};
	objectVersion = 50;
	objects = {

/* Begin PBXBuildFile section */
		9798A5BA21E47E8300394674 /* AppDelegate.swift in Sources */ = {isa = PBXBuildFile; fileRef = 9798A5B921E47E8300394674 /* AppDelegate.swift */; };
		9798A5BC21E47E8300394674 /* ViewController.swift in Sources */ = {isa = PBXBuildFile; fileRef = 9798A5BB21E47E8300394674 /* ViewController.swift */; };
		9798A5BF21E47E8300394674 /* Main.storyboard in Resources */ = {isa = PBXBuildFile; fileRef = 9798A5BD21E47E8300394674 /* Main.storyboard */; };
		9798A5C121E47E8400394674 /* Assets.xcassets in Resources */ = {isa = PBXBuildFile; fileRef = 9798A5C021E47E8400394674 /* Assets.xcassets */; };
		9798A5C421E47E8400394674 /* LaunchScreen.storyboard in Resources */ = {isa = PBXBuildFile; fileRef = 9798A5C221E47E8400394674 /* LaunchScreen.storyboard */; };
		9798A5CF21E47E8500394674 /* iMessageAppDemoTests.swift in Sources */ = {isa = PBXBuildFile; fileRef = 9798A5CE21E47E8500394674 /* iMessageAppDemoTests.swift */; };
		9798A5DA21E47E8500394674 /* iMessageAppDemoUITests.swift in Sources */ = {isa = PBXBuildFile; fileRef = 9798A5D921E47E8500394674 /* iMessageAppDemoUITests.swift */; };
		9798A5EE21E47ED100394674 /* Messages.framework in Frameworks */ = {isa = PBXBuildFile; fileRef = 9798A5ED21E47ED100394674 /* Messages.framework */; };
		9798A5F121E47ED100394674 /* MessagesViewController.swift in Sources */ = {isa = PBXBuildFile; fileRef = 9798A5F021E47ED100394674 /* MessagesViewController.swift */; };
		9798A5F421E47ED100394674 /* MainInterface.storyboard in Resources */ = {isa = PBXBuildFile; fileRef = 9798A5F221E47ED100394674 /* MainInterface.storyboard */; };
		9798A5F621E47ED200394674 /* Assets.xcassets in Resources */ = {isa = PBXBuildFile; fileRef = 9798A5F521E47ED200394674 /* Assets.xcassets */; };
		9798A5FA21E47ED200394674 /* iMessageExt.appex in Embed App Extensions */ = {isa = PBXBuildFile; fileRef = 9798A5EB21E47ED100394674 /* iMessageExt.appex */; settings = {ATTRIBUTES = (RemoveHeadersOnCopy, ); }; };
/* End PBXBuildFile section */

/* Begin PBXContainerItemProxy section */
		9798A5CB21E47E8500394674 /* PBXContainerItemProxy */ = {
			isa = PBXContainerItemProxy;
			containerPortal = 9798A5AE21E47E8300394674 /* Project object */;
			proxyType = 1;
			remoteGlobalIDString = 9798A5B521E47E8300394674;
			remoteInfo = iMessageAppDemo;
		};
		9798A5D621E47E8500394674 /* PBXContainerItemProxy */ = {
			isa = PBXContainerItemProxy;
			containerPortal = 9798A5AE21E47E8300394674 /* Project object */;
			proxyType = 1;
			remoteGlobalIDString = 9798A5B521E47E8300394674;
			remoteInfo = iMessageAppDemo;
		};
		9798A5F821E47ED200394674 /* PBXContainerItemProxy */ = {
			isa = PBXContainerItemProxy;
			containerPortal = 9798A5AE21E47E8300394674 /* Project object */;
			proxyType = 1;
			remoteGlobalIDString = 9798A5EA21E47ED100394674;
			remoteInfo = iMessageExt;
		};
/* End PBXContainerItemProxy section */

/* Begin PBXCopyFilesBuildPhase section */
		9798A5FE21E47ED200394674 /* Embed App Extensions */ = {
			isa = PBXCopyFilesBuildPhase;
			buildActionMask = 2147483647;
			dstPath = "";
			dstSubfolderSpec = 13;
			files = (
				9798A5FA21E47ED200394674 /* iMessageExt.appex in Embed App Extensions */,
			);
			name = "Embed App Extensions";
			runOnlyForDeploymentPostprocessing = 0;
		};
/* End PBXCopyFilesBuildPhase section */

/* Begin PBXFileReference section */
		9798A5B621E47E8300394674 /* iMessageAppDemo.app */ = {isa = PBXFileReference; explicitFileType = wrapper.application; includeInIndex = 0; path = iMessageAppDemo.app; sourceTree = BUILT_PRODUCTS_DIR; };
		9798A5B921E47E8300394674 /* AppDelegate.swift */ = {isa = PBXFileReference; lastKnownFileType = sourcecode.swift; path = AppDelegate.swift; sourceTree = "<group>"; };
		9798A5BB21E47E8300394674 /* ViewController.swift */ = {isa = PBXFileReference; lastKnownFileType = sourcecode.swift; path = ViewController.swift; sourceTree = "<group>"; };
		9798A5BE21E47E8300394674 /* Base */ = {isa = PBXFileReference; lastKnownFileType = file.storyboard; name = Base; path = Base.lproj/Main.storyboard; sourceTree = "<group>"; };
		9798A5C021E47E8400394674 /* Assets.xcassets */ = {isa = PBXFileReference; lastKnownFileType = folder.assetcatalog; path = Assets.xcassets; sourceTree = "<group>"; };
		9798A5C321E47E8400394674 /* Base */ = {isa = PBXFileReference; lastKnownFileType = file.storyboard; name = Base; path = Base.lproj/LaunchScreen.storyboard; sourceTree = "<group>"; };
		9798A5C521E47E8400394674 /* Info.plist */ = {isa = PBXFileReference; lastKnownFileType = text.plist.xml; path = Info.plist; sourceTree = "<group>"; };
		9798A5CA21E47E8500394674 /* iMessageAppDemoTests.xctest */ = {isa = PBXFileReference; explicitFileType = wrapper.cfbundle; includeInIndex = 0; path = iMessageAppDemoTests.xctest; sourceTree = BUILT_PRODUCTS_DIR; };
		9798A5CE21E47E8500394674 /* iMessageAppDemoTests.swift */ = {isa = PBXFileReference; lastKnownFileType = sourcecode.swift; path = iMessageAppDemoTests.swift; sourceTree = "<group>"; };
		9798A5D021E47E8500394674 /* Info.plist */ = {isa = PBXFileReference; lastKnownFileType = text.plist.xml; path = Info.plist; sourceTree = "<group>"; };
		9798A5D521E47E8500394674 /* iMessageAppDemoUITests.xctest */ = {isa = PBXFileReference; explicitFileType = wrapper.cfbundle; includeInIndex = 0; path = iMessageAppDemoUITests.xctest; sourceTree = BUILT_PRODUCTS_DIR; };
		9798A5D921E47E8500394674 /* iMessageAppDemoUITests.swift */ = {isa = PBXFileReference; lastKnownFileType = sourcecode.swift; path = iMessageAppDemoUITests.swift; sourceTree = "<group>"; };
		9798A5DB21E47E8500394674 /* Info.plist */ = {isa = PBXFileReference; lastKnownFileType = text.plist.xml; path = Info.plist; sourceTree = "<group>"; };
		9798A5EB21E47ED100394674 /* iMessageExt.appex */ = {isa = PBXFileReference; explicitFileType = "wrapper.app-extension"; includeInIndex = 0; path = iMessageExt.appex; sourceTree = BUILT_PRODUCTS_DIR; };
		9798A5ED21E47ED100394674 /* Messages.framework */ = {isa = PBXFileReference; lastKnownFileType = wrapper.framework; name = Messages.framework; path = System/Library/Frameworks/Messages.framework; sourceTree = SDKROOT; };
		9798A5F021E47ED100394674 /* MessagesViewController.swift */ = {isa = PBXFileReference; lastKnownFileType = sourcecode.swift; path = MessagesViewController.swift; sourceTree = "<group>"; };
		9798A5F321E47ED100394674 /* Base */ = {isa = PBXFileReference; lastKnownFileType = file.storyboard; name = Base; path = Base.lproj/MainInterface.storyboard; sourceTree = "<group>"; };
		9798A5F521E47ED200394674 /* Assets.xcassets */ = {isa = PBXFileReference; lastKnownFileType = folder.assetcatalog; path = Assets.xcassets; sourceTree = "<group>"; };
		9798A5F721E47ED200394674 /* Info.plist */ = {isa = PBXFileReference; lastKnownFileType = text.plist.xml; path = Info.plist; sourceTree = "<group>"; };
/* End PBXFileReference section */

/* Begin PBXFrameworksBuildPhase section */
		9798A5B321E47E8300394674 /* Frameworks */ = {
			isa = PBXFrameworksBuildPhase;
			buildActionMask = 2147483647;
			files = (
			);
			runOnlyForDeploymentPostprocessing = 0;
		};
		9798A5C721E47E8500394674 /* Frameworks */ = {
			isa = PBXFrameworksBuildPhase;
			buildActionMask = 2147483647;
			files = (
			);
			runOnlyForDeploymentPostprocessing = 0;
		};
		9798A5D221E47E8500394674 /* Frameworks */ = {
			isa = PBXFrameworksBuildPhase;
			buildActionMask = 2147483647;
			files = (
			);
			runOnlyForDeploymentPostprocessing = 0;
		};
		9798A5E821E47ED100394674 /* Frameworks */ = {
			isa = PBXFrameworksBuildPhase;
			buildActionMask = 2147483647;
			files = (
				9798A5EE21E47ED100394674 /* Messages.framework in Frameworks */,
			);
			runOnlyForDeploymentPostprocessing = 0;
		};
/* End PBXFrameworksBuildPhase section */

/* Begin PBXGroup section */
		9798A5AD21E47E8300394674 = {
			isa = PBXGroup;
			children = (
				9798A5B821E47E8300394674 /* iMessageAppDemo */,
				9798A5CD21E47E8500394674 /* iMessageAppDemoTests */,
				9798A5D821E47E8500394674 /* iMessageAppDemoUITests */,
				9798A5EF21E47ED100394674 /* iMessageExt */,
				9798A5EC21E47ED100394674 /* Frameworks */,
				9798A5B721E47E8300394674 /* Products */,
			);
			sourceTree = "<group>";
		};
		9798A5B721E47E8300394674 /* Products */ = {
			isa = PBXGroup;
			children = (
				9798A5B621E47E8300394674 /* iMessageAppDemo.app */,
				9798A5CA21E47E8500394674 /* iMessageAppDemoTests.xctest */,
				9798A5D521E47E8500394674 /* iMessageAppDemoUITests.xctest */,
				9798A5EB21E47ED100394674 /* iMessageExt.appex */,
			);
			name = Products;
			sourceTree = "<group>";
		};
		9798A5B821E47E8300394674 /* iMessageAppDemo */ = {
			isa = PBXGroup;
			children = (
				9798A5B921E47E8300394674 /* AppDelegate.swift */,
				9798A5BB21E47E8300394674 /* ViewController.swift */,
				9798A5BD21E47E8300394674 /* Main.storyboard */,
				9798A5C021E47E8400394674 /* Assets.xcassets */,
				9798A5C221E47E8400394674 /* LaunchScreen.storyboard */,
				9798A5C521E47E8400394674 /* Info.plist */,
			);
			path = iMessageAppDemo;
			sourceTree = "<group>";
		};
		9798A5CD21E47E8500394674 /* iMessageAppDemoTests */ = {
			isa = PBXGroup;
			children = (
				9798A5CE21E47E8500394674 /* iMessageAppDemoTests.swift */,
				9798A5D021E47E8500394674 /* Info.plist */,
			);
			path = iMessageAppDemoTests;
			sourceTree = "<group>";
		};
		9798A5D821E47E8500394674 /* iMessageAppDemoUITests */ = {
			isa = PBXGroup;
			children = (
				9798A5D921E47E8500394674 /* iMessageAppDemoUITests.swift */,
				9798A5DB21E47E8500394674 /* Info.plist */,
			);
			path = iMessageAppDemoUITests;
			sourceTree = "<group>";
		};
		9798A5EC21E47ED100394674 /* Frameworks */ = {
			isa = PBXGroup;
			children = (
				9798A5ED21E47ED100394674 /* Messages.framework */,
			);
			name = Frameworks;
			sourceTree = "<group>";
		};
		9798A5EF21E47ED100394674 /* iMessageExt */ = {
			isa = PBXGroup;
			children = (
				9798A5F021E47ED100394674 /* MessagesViewController.swift */,
				9798A5F221E47ED100394674 /* MainInterface.storyboard */,
				9798A5F521E47ED200394674 /* Assets.xcassets */,
				9798A5F721E47ED200394674 /* Info.plist */,
			);
			path = iMessageExt;
			sourceTree = "<group>";
		};
/* End PBXGroup section */

/* Begin PBXNativeTarget section */
		9798A5B521E47E8300394674 /* iMessageAppDemo */ = {
			isa = PBXNativeTarget;
			buildConfigurationList = 9798A5DE21E47E8500394674 /* Build configuration list for PBXNativeTarget "iMessageAppDemo" */;
			buildPhases = (
				9798A5B221E47E8300394674 /* Sources */,
				9798A5B321E47E8300394674 /* Frameworks */,
				9798A5B421E47E8300394674 /* Resources */,
				9798A5FE21E47ED200394674 /* Embed App Extensions */,
			);
			buildRules = (
			);
			dependencies = (
				9798A5F921E47ED200394674 /* PBXTargetDependency */,
			);
			name = iMessageAppDemo;
			productName = iMessageAppDemo;
			productReference = 9798A5B621E47E8300394674 /* iMessageAppDemo.app */;
			productType = "com.apple.product-type.application";
		};
		9798A5C921E47E8500394674 /* iMessageAppDemoTests */ = {
			isa = PBXNativeTarget;
			buildConfigurationList = 9798A5E121E47E8500394674 /* Build configuration list for PBXNativeTarget "iMessageAppDemoTests" */;
			buildPhases = (
				9798A5C621E47E8500394674 /* Sources */,
				9798A5C721E47E8500394674 /* Frameworks */,
				9798A5C821E47E8500394674 /* Resources */,
			);
			buildRules = (
			);
			dependencies = (
				9798A5CC21E47E8500394674 /* PBXTargetDependency */,
			);
			name = iMessageAppDemoTests;
			productName = iMessageAppDemoTests;
			productReference = 9798A5CA21E47E8500394674 /* iMessageAppDemoTests.xctest */;
			productType = "com.apple.product-type.bundle.unit-test";
		};
		9798A5D421E47E8500394674 /* iMessageAppDemoUITests */ = {
			isa = PBXNativeTarget;
			buildConfigurationList = 9798A5E421E47E8500394674 /* Build configuration list for PBXNativeTarget "iMessageAppDemoUITests" */;
			buildPhases = (
				9798A5D121E47E8500394674 /* Sources */,
				9798A5D221E47E8500394674 /* Frameworks */,
				9798A5D321E47E8500394674 /* Resources */,
			);
			buildRules = (
			);
			dependencies = (
				9798A5D721E47E8500394674 /* PBXTargetDependency */,
			);
			name = iMessageAppDemoUITests;
			productName = iMessageAppDemoUITests;
			productReference = 9798A5D521E47E8500394674 /* iMessageAppDemoUITests.xctest */;
			productType = "com.apple.product-type.bundle.ui-testing";
		};
		9798A5EA21E47ED100394674 /* iMessageExt */ = {
			isa = PBXNativeTarget;
			buildConfigurationList = 9798A5FB21E47ED200394674 /* Build configuration list for PBXNativeTarget "iMessageExt" */;
			buildPhases = (
				9798A5E721E47ED100394674 /* Sources */,
				9798A5E821E47ED100394674 /* Frameworks */,
				9798A5E921E47ED100394674 /* Resources */,
			);
			buildRules = (
			);
			dependencies = (
			);
			name = iMessageExt;
			productName = iMessageExt;
			productReference = 9798A5EB21E47ED100394674 /* iMessageExt.appex */;
			productType = "com.apple.product-type.app-extension.messages";
		};
/* End PBXNativeTarget section */

/* Begin PBXProject section */
		9798A5AE21E47E8300394674 /* Project object */ = {
			isa = PBXProject;
			attributes = {
				LastSwiftUpdateCheck = 1010;
				LastUpgradeCheck = 1010;
				ORGANIZATIONNAME = "Puspank Kumar";
				TargetAttributes = {
					9798A5B521E47E8300394674 = {
						CreatedOnToolsVersion = 10.1;
					};
					9798A5C921E47E8500394674 = {
						CreatedOnToolsVersion = 10.1;
						TestTargetID = 9798A5B521E47E8300394674;
					};
					9798A5D421E47E8500394674 = {
						CreatedOnToolsVersion = 10.1;
						TestTargetID = 9798A5B521E47E8300394674;
					};
					9798A5EA21E47ED100394674 = {
						CreatedOnToolsVersion = 10.1;
					};
				};
			};
			buildConfigurationList = 9798A5B121E47E8300394674 /* Build configuration list for PBXProject "iMessageAppDemo" */;
			compatibilityVersion = "Xcode 9.3";
			developmentRegion = en;
			hasScannedForEncodings = 0;
			knownRegions = (
				en,
				Base,
			);
			mainGroup = 9798A5AD21E47E8300394674;
			productRefGroup = 9798A5B721E47E8300394674 /* Products */;
			projectDirPath = "";
			projectRoot = "";
			targets = (
				9798A5B521E47E8300394674 /* iMessageAppDemo */,
				9798A5C921E47E8500394674 /* iMessageAppDemoTests */,
				9798A5D421E47E8500394674 /* iMessageAppDemoUITests */,
				9798A5EA21E47ED100394674 /* iMessageExt */,
			);
		};
/* End PBXProject section */

/* Begin PBXResourcesBuildPhase section */
		9798A5B421E47E8300394674 /* Resources */ = {
			isa = PBXResourcesBuildPhase;
			buildActionMask = 2147483647;
			files = (
				9798A5C421E47E8400394674 /* LaunchScreen.storyboard in Resources */,
				9798A5C121E47E8400394674 /* Assets.xcassets in Resources */,
				9798A5BF21E47E8300394674 /* Main.storyboard in Resources */,
			);
			runOnlyForDeploymentPostprocessing = 0;
		};
		9798A5C821E47E8500394674 /* Resources */ = {
			isa = PBXResourcesBuildPhase;
			buildActionMask = 2147483647;
			files = (
			);
			runOnlyForDeploymentPostprocessing = 0;
		};
		9798A5D321E47E8500394674 /* Resources */ = {
			isa = PBXResourcesBuildPhase;
			buildActionMask = 2147483647;
			files = (
			);
			runOnlyForDeploymentPostprocessing = 0;
		};
		9798A5E921E47ED100394674 /* Resources */ = {
			isa = PBXResourcesBuildPhase;
			buildActionMask = 2147483647;
			files = (
				9798A5F621E47ED200394674 /* Assets.xcassets in Resources */,
				9798A5F421E47ED100394674 /* MainInterface.storyboard in Resources */,
			);
			runOnlyForDeploymentPostprocessing = 0;
		};
/* End PBXResourcesBuildPhase section */

/* Begin PBXSourcesBuildPhase section */
		9798A5B221E47E8300394674 /* Sources */ = {
			isa = PBXSourcesBuildPhase;
			buildActionMask = 2147483647;
			files = (
				9798A5BC21E47E8300394674 /* ViewController.swift in Sources */,
				9798A5BA21E47E8300394674 /* AppDelegate.swift in Sources */,
			);
			runOnlyForDeploymentPostprocessing = 0;
		};
		9798A5C621E47E8500394674 /* Sources */ = {
			isa = PBXSourcesBuildPhase;
			buildActionMask = 2147483647;
			files = (
				9798A5CF21E47E8500394674 /* iMessageAppDemoTests.swift in Sources */,
			);
			runOnlyForDeploymentPostprocessing = 0;
		};
		9798A5D121E47E8500394674 /* Sources */ = {
			isa = PBXSourcesBuildPhase;
			buildActionMask = 2147483647;
			files = (
				9798A5DA21E47E8500394674 /* iMessageAppDemoUITests.swift in Sources */,
			);
			runOnlyForDeploymentPostprocessing = 0;
		};
		9798A5E721E47ED100394674 /* Sources */ = {
			isa = PBXSourcesBuildPhase;
			buildActionMask = 2147483647;
			files = (
				9798A5F121E47ED100394674 /* MessagesViewController.swift in Sources */,
			);
			runOnlyForDeploymentPostprocessing = 0;
		};
/* End PBXSourcesBuildPhase section */

/* Begin PBXTargetDependency section */
		9798A5CC21E47E8500394674 /* PBXTargetDependency */ = {
			isa = PBXTargetDependency;
			target = 9798A5B521E47E8300394674 /* iMessageAppDemo */;
			targetProxy = 9798A5CB21E47E8500394674 /* PBXContainerItemProxy */;
		};
		9798A5D721E47E8500394674 /* PBXTargetDependency */ = {
			isa = PBXTargetDependency;
			target = 9798A5B521E47E8300394674 /* iMessageAppDemo */;
			targetProxy = 9798A5D621E47E8500394674 /* PBXContainerItemProxy */;
		};
		9798A5F921E47ED200394674 /* PBXTargetDependency */ = {
			isa = PBXTargetDependency;
			target = 9798A5EA21E47ED100394674 /* iMessageExt */;
			targetProxy = 9798A5F821E47ED200394674 /* PBXContainerItemProxy */;
		};
/* End PBXTargetDependency section */

/* Begin PBXVariantGroup section */
		9798A5BD21E47E8300394674 /* Main.storyboard */ = {
			isa = PBXVariantGroup;
			children = (
				9798A5BE21E47E8300394674 /* Base */,
			);
			name = Main.storyboard;
			sourceTree = "<group>";
		};
		9798A5C221E47E8400394674 /* LaunchScreen.storyboard */ = {
			isa = PBXVariantGroup;
			children = (
				9798A5C321E47E8400394674 /* Base */,
			);
			name = LaunchScreen.storyboard;
			sourceTree = "<group>";
		};
		9798A5F221E47ED100394674 /* MainInterface.storyboard */ = {
			isa = PBXVariantGroup;
			children = (
				9798A5F321E47ED100394674 /* Base */,
			);
			name = MainInterface.storyboard;
			sourceTree = "<group>";
		};
/* End PBXVariantGroup section */

/* Begin XCBuildConfiguration section */
		9798A5DC21E47E8500394674 /* Debug */ = {
			isa = XCBuildConfiguration;
			buildSettings = {
				ALWAYS_SEARCH_USER_PATHS = NO;
				CLANG_ANALYZER_NONNULL = YES;
				CLANG_ANALYZER_NUMBER_OBJECT_CONVERSION = YES_AGGRESSIVE;
				CLANG_CXX_LANGUAGE_STANDARD = "gnu++14";
				CLANG_CXX_LIBRARY = "libc++";
				CLANG_ENABLE_MODULES = YES;
				CLANG_ENABLE_OBJC_ARC = YES;
				CLANG_ENABLE_OBJC_WEAK = YES;
				CLANG_WARN_BLOCK_CAPTURE_AUTORELEASING = YES;
				CLANG_WARN_BOOL_CONVERSION = YES;
				CLANG_WARN_COMMA = YES;
				CLANG_WARN_CONSTANT_CONVERSION = YES;
				CLANG_WARN_DEPRECATED_OBJC_IMPLEMENTATIONS = YES;
				CLANG_WARN_DIRECT_OBJC_ISA_USAGE = YES_ERROR;
				CLANG_WARN_DOCUMENTATION_COMMENTS = YES;
				CLANG_WARN_EMPTY_BODY = YES;
				CLANG_WARN_ENUM_CONVERSION = YES;
				CLANG_WARN_INFINITE_RECURSION = YES;
				CLANG_WARN_INT_CONVERSION = YES;
				CLANG_WARN_NON_LITERAL_NULL_CONVERSION = YES;
				CLANG_WARN_OBJC_IMPLICIT_RETAIN_SELF = YES;
				CLANG_WARN_OBJC_LITERAL_CONVERSION = YES;
				CLANG_WARN_OBJC_ROOT_CLASS = YES_ERROR;
				CLANG_WARN_RANGE_LOOP_ANALYSIS = YES;
				CLANG_WARN_STRICT_PROTOTYPES = YES;
				CLANG_WARN_SUSPICIOUS_MOVE = YES;
				CLANG_WARN_UNGUARDED_AVAILABILITY = YES_AGGRESSIVE;
				CLANG_WARN_UNREACHABLE_CODE = YES;
				CLANG_WARN__DUPLICATE_METHOD_MATCH = YES;
				CODE_SIGN_IDENTITY = "iPhone Developer";
				COPY_PHASE_STRIP = NO;
				DEBUG_INFORMATION_FORMAT = dwarf;
				ENABLE_STRICT_OBJC_MSGSEND = YES;
				ENABLE_TESTABILITY = YES;
				GCC_C_LANGUAGE_STANDARD = gnu11;
				GCC_DYNAMIC_NO_PIC = NO;
				GCC_NO_COMMON_BLOCKS = YES;
				GCC_OPTIMIZATION_LEVEL = 0;
				GCC_PREPROCESSOR_DEFINITIONS = (
					"DEBUG=1",
					"$(inherited)",
				);
				GCC_WARN_64_TO_32_BIT_CONVERSION = YES;
				GCC_WARN_ABOUT_RETURN_TYPE = YES_ERROR;
				GCC_WARN_UNDECLARED_SELECTOR = YES;
				GCC_WARN_UNINITIALIZED_AUTOS = YES_AGGRESSIVE;
				GCC_WARN_UNUSED_FUNCTION = YES;
				GCC_WARN_UNUSED_VARIABLE = YES;
				IPHONEOS_DEPLOYMENT_TARGET = 12.1;
				MTL_ENABLE_DEBUG_INFO = INCLUDE_SOURCE;
				MTL_FAST_MATH = YES;
				ONLY_ACTIVE_ARCH = YES;
				SDKROOT = iphoneos;
				SWIFT_ACTIVE_COMPILATION_CONDITIONS = DEBUG;
				SWIFT_OPTIMIZATION_LEVEL = "-Onone";
			};
			name = Debug;
		};
		9798A5DD21E47E8500394674 /* Release */ = {
			isa = XCBuildConfiguration;
			buildSettings = {
				ALWAYS_SEARCH_USER_PATHS = NO;
				CLANG_ANALYZER_NONNULL = YES;
				CLANG_ANALYZER_NUMBER_OBJECT_CONVERSION = YES_AGGRESSIVE;
				CLANG_CXX_LANGUAGE_STANDARD = "gnu++14";
				CLANG_CXX_LIBRARY = "libc++";
				CLANG_ENABLE_MODULES = YES;
				CLANG_ENABLE_OBJC_ARC = YES;
				CLANG_ENABLE_OBJC_WEAK = YES;
				CLANG_WARN_BLOCK_CAPTURE_AUTORELEASING = YES;
				CLANG_WARN_BOOL_CONVERSION = YES;
				CLANG_WARN_COMMA = YES;
				CLANG_WARN_CONSTANT_CONVERSION = YES;
				CLANG_WARN_DEPRECATED_OBJC_IMPLEMENTATIONS = YES;
				CLANG_WARN_DIRECT_OBJC_ISA_USAGE = YES_ERROR;
				CLANG_WARN_DOCUMENTATION_COMMENTS = YES;
				CLANG_WARN_EMPTY_BODY = YES;
				CLANG_WARN_ENUM_CONVERSION = YES;
				CLANG_WARN_INFINITE_RECURSION = YES;
				CLANG_WARN_INT_CONVERSION = YES;
				CLANG_WARN_NON_LITERAL_NULL_CONVERSION = YES;
				CLANG_WARN_OBJC_IMPLICIT_RETAIN_SELF = YES;
				CLANG_WARN_OBJC_LITERAL_CONVERSION = YES;
				CLANG_WARN_OBJC_ROOT_CLASS = YES_ERROR;
				CLANG_WARN_RANGE_LOOP_ANALYSIS = YES;
				CLANG_WARN_STRICT_PROTOTYPES = YES;
				CLANG_WARN_SUSPICIOUS_MOVE = YES;
				CLANG_WARN_UNGUARDED_AVAILABILITY = YES_AGGRESSIVE;
				CLANG_WARN_UNREACHABLE_CODE = YES;
				CLANG_WARN__DUPLICATE_METHOD_MATCH = YES;
				CODE_SIGN_IDENTITY = "iPhone Developer";
				COPY_PHASE_STRIP = NO;
				DEBUG_INFORMATION_FORMAT = "dwarf-with-dsym";
				ENABLE_NS_ASSERTIONS = NO;
				ENABLE_STRICT_OBJC_MSGSEND = YES;
				GCC_C_LANGUAGE_STANDARD = gnu11;
				GCC_NO_COMMON_BLOCKS = YES;
				GCC_WARN_64_TO_32_BIT_CONVERSION = YES;
				GCC_WARN_ABOUT_RETURN_TYPE = YES_ERROR;
				GCC_WARN_UNDECLARED_SELECTOR = YES;
				GCC_WARN_UNINITIALIZED_AUTOS = YES_AGGRESSIVE;
				GCC_WARN_UNUSED_FUNCTION = YES;
				GCC_WARN_UNUSED_VARIABLE = YES;
				IPHONEOS_DEPLOYMENT_TARGET = 12.1;
				MTL_ENABLE_DEBUG_INFO = NO;
				MTL_FAST_MATH = YES;
				SDKROOT = iphoneos;
				SWIFT_COMPILATION_MODE = wholemodule;
				SWIFT_OPTIMIZATION_LEVEL = "-O";
				VALIDATE_PRODUCT = YES;
			};
			name = Release;
		};
		9798A5DF21E47E8500394674 /* Debug */ = {
			isa = XCBuildConfiguration;
			buildSettings = {
				ALWAYS_EMBED_SWIFT_STANDARD_LIBRARIES = YES;
				ASSETCATALOG_COMPILER_APPICON_NAME = AppIcon;
				CODE_SIGN_STYLE = Automatic;
				INFOPLIST_FILE = iMessageAppDemo/Info.plist;
				LD_RUNPATH_SEARCH_PATHS = (
					"$(inherited)",
					"@executable_path/Frameworks",
				);
				PRODUCT_BUNDLE_IDENTIFIER = pushpank.iMessageAppDemo;
				PRODUCT_NAME = "$(TARGET_NAME)";
				SWIFT_VERSION = 4.2;
				TARGETED_DEVICE_FAMILY = "1,2";
			};
			name = Debug;
		};
		9798A5E021E47E8500394674 /* Release */ = {
			isa = XCBuildConfiguration;
			buildSettings = {
				ALWAYS_EMBED_SWIFT_STANDARD_LIBRARIES = YES;
				ASSETCATALOG_COMPILER_APPICON_NAME = AppIcon;
				CODE_SIGN_STYLE = Automatic;
				INFOPLIST_FILE = iMessageAppDemo/Info.plist;
				LD_RUNPATH_SEARCH_PATHS = (
					"$(inherited)",
					"@executable_path/Frameworks",
				);
				PRODUCT_BUNDLE_IDENTIFIER = pushpank.iMessageAppDemo;
				PRODUCT_NAME = "$(TARGET_NAME)";
				SWIFT_VERSION = 4.2;
				TARGETED_DEVICE_FAMILY = "1,2";
			};
			name = Release;
		};
		9798A5E221E47E8500394674 /* Debug */ = {
			isa = XCBuildConfiguration;
			buildSettings = {
				ALWAYS_EMBED_SWIFT_STANDARD_LIBRARIES = YES;
				BUNDLE_LOADER = "$(TEST_HOST)";
				CODE_SIGN_STYLE = Automatic;
				INFOPLIST_FILE = iMessageAppDemoTests/Info.plist;
				LD_RUNPATH_SEARCH_PATHS = (
					"$(inherited)",
					"@executable_path/Frameworks",
					"@loader_path/Frameworks",
				);
				PRODUCT_BUNDLE_IDENTIFIER = pushpank.iMessageAppDemoTests;
				PRODUCT_NAME = "$(TARGET_NAME)";
				SWIFT_VERSION = 4.2;
				TARGETED_DEVICE_FAMILY = "1,2";
				TEST_HOST = "$(BUILT_PRODUCTS_DIR)/iMessageAppDemo.app/iMessageAppDemo";
			};
			name = Debug;
		};
		9798A5E321E47E8500394674 /* Release */ = {
			isa = XCBuildConfiguration;
			buildSettings = {
				ALWAYS_EMBED_SWIFT_STANDARD_LIBRARIES = YES;
				BUNDLE_LOADER = "$(TEST_HOST)";
				CODE_SIGN_STYLE = Automatic;
				INFOPLIST_FILE = iMessageAppDemoTests/Info.plist;
				LD_RUNPATH_SEARCH_PATHS = (
					"$(inherited)",
					"@executable_path/Frameworks",
					"@loader_path/Frameworks",
				);
				PRODUCT_BUNDLE_IDENTIFIER = pushpank.iMessageAppDemoTests;
				PRODUCT_NAME = "$(TARGET_NAME)";
				SWIFT_VERSION = 4.2;
				TARGETED_DEVICE_FAMILY = "1,2";
				TEST_HOST = "$(BUILT_PRODUCTS_DIR)/iMessageAppDemo.app/iMessageAppDemo";
			};
			name = Release;
		};
		9798A5E521E47E8500394674 /* Debug */ = {
			isa = XCBuildConfiguration;
			buildSettings = {
				ALWAYS_EMBED_SWIFT_STANDARD_LIBRARIES = YES;
				CODE_SIGN_STYLE = Automatic;
				INFOPLIST_FILE = iMessageAppDemoUITests/Info.plist;
				LD_RUNPATH_SEARCH_PATHS = (
					"$(inherited)",
					"@executable_path/Frameworks",
					"@loader_path/Frameworks",
				);
				PRODUCT_BUNDLE_IDENTIFIER = pushpank.iMessageAppDemoUITests;
				PRODUCT_NAME = "$(TARGET_NAME)";
				SWIFT_VERSION = 4.2;
				TARGETED_DEVICE_FAMILY = "1,2";
				TEST_TARGET_NAME = iMessageAppDemo;
			};
			name = Debug;
		};
		9798A5E621E47E8500394674 /* Release */ = {
			isa = XCBuildConfiguration;
			buildSettings = {
				ALWAYS_EMBED_SWIFT_STANDARD_LIBRARIES = YES;
				CODE_SIGN_STYLE = Automatic;
				INFOPLIST_FILE = iMessageAppDemoUITests/Info.plist;
				LD_RUNPATH_SEARCH_PATHS = (
					"$(inherited)",
					"@executable_path/Frameworks",
					"@loader_path/Frameworks",
				);
				PRODUCT_BUNDLE_IDENTIFIER = pushpank.iMessageAppDemoUITests;
				PRODUCT_NAME = "$(TARGET_NAME)";
				SWIFT_VERSION = 4.2;
				TARGETED_DEVICE_FAMILY = "1,2";
				TEST_TARGET_NAME = iMessageAppDemo;
			};
			name = Release;
		};
		9798A5FC21E47ED200394674 /* Debug */ = {
			isa = XCBuildConfiguration;
			buildSettings = {
				ASSETCATALOG_COMPILER_APPICON_NAME = "iMessage App Icon";
				CODE_SIGN_STYLE = Automatic;
				INFOPLIST_FILE = iMessageExt/Info.plist;
				LD_RUNPATH_SEARCH_PATHS = (
					"$(inherited)",
					"@executable_path/Frameworks",
					"@executable_path/../../Frameworks",
				);
				PRODUCT_BUNDLE_IDENTIFIER = pushpank.iMessageAppDemo.iMessageExt;
				PRODUCT_NAME = "$(TARGET_NAME)";
				SKIP_INSTALL = YES;
				SWIFT_VERSION = 4.2;
				TARGETED_DEVICE_FAMILY = "1,2";
			};
			name = Debug;
		};
		9798A5FD21E47ED200394674 /* Release */ = {
			isa = XCBuildConfiguration;
			buildSettings = {
				ASSETCATALOG_COMPILER_APPICON_NAME = "iMessage App Icon";
				CODE_SIGN_STYLE = Automatic;
				INFOPLIST_FILE = iMessageExt/Info.plist;
				LD_RUNPATH_SEARCH_PATHS = (
					"$(inherited)",
					"@executable_path/Frameworks",
					"@executable_path/../../Frameworks",
				);
				PRODUCT_BUNDLE_IDENTIFIER = pushpank.iMessageAppDemo.iMessageExt;
				PRODUCT_NAME = "$(TARGET_NAME)";
				SKIP_INSTALL = YES;
				SWIFT_VERSION = 4.2;
				TARGETED_DEVICE_FAMILY = "1,2";
			};
			name = Release;
		};
/* End XCBuildConfiguration section */

/* Begin XCConfigurationList section */
		9798A5B121E47E8300394674 /* Build configuration list for PBXProject "iMessageAppDemo" */ = {
			isa = XCConfigurationList;
			buildConfigurations = (
				9798A5DC21E47E8500394674 /* Debug */,
				9798A5DD21E47E8500394674 /* Release */,
			);
			defaultConfigurationIsVisible = 0;
			defaultConfigurationName = Release;
		};
		9798A5DE21E47E8500394674 /* Build configuration list for PBXNativeTarget "iMessageAppDemo" */ = {
			isa = XCConfigurationList;
			buildConfigurations = (
				9798A5DF21E47E8500394674 /* Debug */,
				9798A5E021E47E8500394674 /* Release */,
			);
			defaultConfigurationIsVisible = 0;
			defaultConfigurationName = Release;
		};
		9798A5E121E47E8500394674 /* Build configuration list for PBXNativeTarget "iMessageAppDemoTests" */ = {
			isa = XCConfigurationList;
			buildConfigurations = (
				9798A5E221E47E8500394674 /* Debug */,
				9798A5E321E47E8500394674 /* Release */,
			);
			defaultConfigurationIsVisible = 0;
			defaultConfigurationName = Release;
		};
		9798A5E421E47E8500394674 /* Build configuration list for PBXNativeTarget "iMessageAppDemoUITests" */ = {
			isa = XCConfigurationList;
			buildConfigurations = (
				9798A5E521E47E8500394674 /* Debug */,
				9798A5E621E47E8500394674 /* Release */,
			);
			defaultConfigurationIsVisible = 0;
			defaultConfigurationName = Release;
		};
		9798A5FB21E47ED200394674 /* Build configuration list for PBXNativeTarget "iMessageExt" */ = {
			isa = XCConfigurationList;
			buildConfigurations = (
				9798A5FC21E47ED200394674 /* Debug */,
				9798A5FD21E47ED200394674 /* Release */,
			);
			defaultConfigurationIsVisible = 0;
			defaultConfigurationName = Release;
		};
/* End XCConfigurationList section */
	};
	rootObject = 9798A5AE21E47E8300394674 /* Project object */;
}
